
Microsoft Visual Studio Solution File, Format Version 12.00
# Visual Studio Version 17
VisualStudioVersion = 17.5.002.0
MinimumVisualStudioVersion = 10.0.40219.1
Project("{9A19103F-16F7-4668-BE54-9A1E7A4F7556}") = "chorescore", "chorescore.csproj", "{3F06430A-6658-4FEA-9AEA-23A4C1988777}"
EndProject
Global
	GlobalSection(SolutionConfigurationPlatforms) = preSolution
		Debug|Any CPU = Debug|Any CPU
		Release|Any CPU = Release|Any CPU
	EndGlobalSection
	GlobalSection(ProjectConfigurationPlatforms) = postSolution
		{3F06430A-6658-4FEA-9AEA-23A4C1988777}.Debug|Any CPU.ActiveCfg = Debug|Any CPU
		{3F06430A-6658-4FEA-9AEA-23A4C1988777}.Debug|Any CPU.Build.0 = Debug|Any CPU
		{3F06430A-6658-4FEA-9AEA-23A4C1988777}.Release|Any CPU.ActiveCfg = Release|Any CPU
		{3F06430A-6658-4FEA-9AEA-23A4C1988777}.Release|Any CPU.Build.0 = Release|Any CPU
	EndGlobalSection
	GlobalSection(SolutionProperties) = preSolution
		HideSolutionNode = FALSE
	EndGlobalSection
	GlobalSection(ExtensibilityGlobals) = postSolution
		SolutionGuid = {34813DBE-A7B7-405B-A4EB-E2428FD36A99}
	EndGlobalSection
EndGlobal
